PODS:
  - AFNetworking (3.0.4):
    - AFNetworking/NSURLSession (= 3.0.4)
    - AFNetworking/Reachability (= 3.0.4)
    - AFNetworking/Security (= 3.0.4)
    - AFNetworking/Serialization (= 3.0.4)
    - AFNetworking/UIKit (= 3.0.4)
  - AFNetworking/NSURLSession (3.0.4):
    - AFNetworking/Reachability
    - AFNetworking/Security
    - AFNetworking/Serialization
  - AFNetworking/Reachability (3.0.4)
  - AFNetworking/Security (3.0.4)
  - AFNetworking/Serialization (3.0.4)
  - AFNetworking/UIKit (3.0.4):
    - AFNetworking/NSURLSession
  - CocoaLumberjack (2.2.0):
    - CocoaLumberjack/Default (= 2.2.0)
    - CocoaLumberjack/Extensions (= 2.2.0)
  - CocoaLumberjack/Core (2.2.0)
  - CocoaLumberjack/Default (2.2.0):
    - CocoaLumberjack/Core
  - CocoaLumberjack/Extensions (2.2.0):
    - CocoaLumberjack/Default
  - DZNEmptyDataSet (1.7.3)
  - FLAnimatedImage (1.0.12)
  - GMCPagingScrollView (1.0.3)
  - JTSImageViewController (1.5.1)
  - KMNavigationBarTransition (0.0.4)
  - Mantle (2.0.6):
    - Mantle/extobjc (= 2.0.6)
  - Mantle/extobjc (2.0.6)
  - Masonry (0.6.4)
  - MBProgressHUD (0.9.2)
  - MJRefresh (3.1.0)
  - NYTPhotoViewer (1.1.0):
    - NYTPhotoViewer/AnimatedGifSupport (= 1.1.0)
    - NYTPhotoViewer/Core (= 1.1.0)
  - NYTPhotoViewer/AnimatedGifSupport (1.1.0):
    - FLAnimatedImage (~> 1.0.8)
    - NYTPhotoViewer/Core
  - NYTPhotoViewer/Core (1.1.0)
  - pop (1.0.9)
  - PureLayout (3.0.1)
  - SDCycleScrollView (1.61):
    - SDWebImage (~> 3.7)
  - SDWebImage (3.7.5):
    - SDWebImage/Core (= 3.7.5)
  - SDWebImage/Core (3.7.5)
  - SwipeView (1.3.2)
  - TPKeyboardAvoiding (1.2.11)
  - UITableView+FDTemplateLayoutCell (1.4)
  - VGParallaxHeader (0.0.6):
    - PureLayout
  - YLGIFImage (0.11)
  - YYImage (0.9.3)
  - YYText (0.9.19)
  - ZYCornerRadius (0.8.1)

DEPENDENCIES:
  - AFNetworking
  - CocoaLumberjack
  - DZNEmptyDataSet
  - GMCPagingScrollView
  - JTSImageViewController
  - KMNavigationBarTransition
  - Mantle
  - Masonry
  - MBProgressHUD
  - MJRefresh
  - NYTPhotoViewer
  - pop
  - SDCycleScrollView
  - SDWebImage
  - SwipeView
  - TPKeyboardAvoiding
  - UITableView+FDTemplateLayoutCell
  - VGParallaxHeader
  - YLGIFImage
  - YYImage
  - YYText
  - ZYCornerRadius (~> 0.8.1)

SPEC CHECKSUMS:
  AFNetworking: a0075feb321559dc78d9d85b55d11caa19eabb93
  CocoaLumberjack: 17fe8581f84914d5d7e6360f7c70022b173c3ae0
  DZNEmptyDataSet: dd7cca17c1d07dfa78956859b1e70a52505678ef
  FLAnimatedImage: 4a0b56255d9b05f18b6dd7ee06871be5d3b89e31
  GMCPagingScrollView: 32285a8e2c0162a4709dfcb4fefb0b9896f87db2
  JTSImageViewController: 1f8ce1cc93dab0d0af8e53badeea7528560cfec9
  KMNavigationBarTransition: f121665408fb74fc2cf40541b06a8b578d69fc2d
  Mantle: 299966b00759634931699f69cb6a30b9239b944d
  Masonry: 281802d04d787ea2973179ee8bcb50500579ede2
  MBProgressHUD: 1569cf7ace17a8bac47aabfbb8580a49690386d1
  MJRefresh: 743e6404967d1c2c688472ea3ecfde247d872db4
  NYTPhotoViewer: e80e8767f3780d2df37c6f72cbab15d6c7232911
  pop: f667631a5108a2e60d9e8797c9b32ddaf2080bce
  PureLayout: f35f5384c9c4e4479df041dbe33ad7577b71ddfb
  SDCycleScrollView: a002d85b30cfa9d0ac74069cd3973ca19ff4f22f
  SDWebImage: 69c6303e3348fba97e03f65d65d4fbc26740f461
  SwipeView: bd67cfaf7760c036438446b3ccb28a3b84fce009
  TPKeyboardAvoiding: e5ce146b313de063957bfa75a13f1e9b0ff18ab7
  UITableView+FDTemplateLayoutCell: 234e1582bcc4e18461af91155123bb96538ed030
  VGParallaxHeader: 1213aba58c9b0aea84f9e81ad526fde57aa4fe48
  YLGIFImage: c0ae132fe80e5282b2762a97d14e23ba71a748ae
  YYImage: f831ce12f2bf5ce35137f6079a4b9cb4e91eb0ef
  YYText: b823b71b99b526c4a81029ecb59f3d8172ed5c9a
  ZYCornerRadius: 485a8e9304d16d1620641054a08b9c0f55dd512c

COCOAPODS: 0.39.0
